
Microsoft Visual Studio Solution File, Format Version 12.00
# Visual Studio 2013
VisualStudioVersion = 12.0.40629.0
MinimumVisualStudioVersion = 10.0.40219.1
Project("{FAE04EC0-301F-11D3-BF4B-00C04F79EFBC}") = "WpfProDemo", "WpfProDemo\WpfProDemo.csproj", "{F99B28A3-ED2A-40FD-812C-BFA46947CE64}"
EndProject
Project("{FAE04EC0-301F-11D3-BF4B-00C04F79EFBC}") = "LambdaSimple", "LambdaSimple\LambdaSimple.csproj", "{9946642D-FA4A-4836-879E-63EECD86517E}"
EndProject
Project("{FAE04EC0-301F-11D3-BF4B-00C04F79EFBC}") = "PIPusingWPFModel", "PIPusingWPFModel\PIPusingWPFModel.csproj", "{7A538372-9A0A-49FB-9FA5-02BE28C284AB}"
EndProject
Global
	GlobalSection(SolutionConfigurationPlatforms) = preSolution
		Debug|Any CPU = Debug|Any CPU
		Release|Any CPU = Release|Any CPU
	EndGlobalSection
	GlobalSection(ProjectConfigurationPlatforms) = postSolution
		{F99B28A3-ED2A-40FD-812C-BFA46947CE64}.Debug|Any CPU.ActiveCfg = Debug|Any CPU
		{F99B28A3-ED2A-40FD-812C-BFA46947CE64}.Debug|Any CPU.Build.0 = Debug|Any CPU
		{F99B28A3-ED2A-40FD-812C-BFA46947CE64}.Release|Any CPU.ActiveCfg = Release|Any CPU
		{F99B28A3-ED2A-40FD-812C-BFA46947CE64}.Release|Any CPU.Build.0 = Release|Any CPU
		{9946642D-FA4A-4836-879E-63EECD86517E}.Debug|Any CPU.ActiveCfg = Debug|Any CPU
		{9946642D-FA4A-4836-879E-63EECD86517E}.Debug|Any CPU.Build.0 = Debug|Any CPU
		{9946642D-FA4A-4836-879E-63EECD86517E}.Release|Any CPU.ActiveCfg = Release|Any CPU
		{9946642D-FA4A-4836-879E-63EECD86517E}.Release|Any CPU.Build.0 = Release|Any CPU
		{7A538372-9A0A-49FB-9FA5-02BE28C284AB}.Debug|Any CPU.ActiveCfg = Debug|Any CPU
		{7A538372-9A0A-49FB-9FA5-02BE28C284AB}.Debug|Any CPU.Build.0 = Debug|Any CPU
		{7A538372-9A0A-49FB-9FA5-02BE28C284AB}.Release|Any CPU.ActiveCfg = Release|Any CPU
		{7A538372-9A0A-49FB-9FA5-02BE28C284AB}.Release|Any CPU.Build.0 = Release|Any CPU
	EndGlobalSection
	GlobalSection(SolutionProperties) = preSolution
		HideSolutionNode = FALSE
	EndGlobalSection
EndGlobal
